<Solution>
  <Project Path="capaDatos/capaDatos.vbproj" Id="acb2c901-91a2-49a1-bb28-4f0d55276e94" />
  <Project Path="capaNegocio/capaNegocio.vbproj" Id="5d143581-9303-429f-86a6-18d812b890fe" />
  <Project Path="capaPresentacion/capaPresentacion.vbproj" Id="8ef08ba6-4f70-4fba-ade5-4fadcc60c561" />
</Solution>
